// !$*UTF8*$!
{
	archiveVersion = 1;
	classes = {
	};
	objectVersion = 56;
	objects = {

/* Begin PBXBuildFile section */
		24AA79F92A2BEAB400B2ECF1 /* FileManager-DocumentsDirectory.swift in Sources */ = {isa = PBXBuildFile; fileRef = 24AA79F82A2BEAB400B2ECF1 /* FileManager-DocumentsDirectory.swift */; };
		24AA79FF2A2BF23C00B2ECF1 /* EditView-ViewModel.swift in Sources */ = {isa = PBXBuildFile; fileRef = 24AA79FE2A2BF23C00B2ECF1 /* EditView-ViewModel.swift */; };
		24BB18312A2BDD4F00FDB003 /* Result.swift in Sources */ = {isa = PBXBuildFile; fileRef = 24BB18302A2BDD4F00FDB003 /* Result.swift */; };
		24BB18372A2BE0AC00FDB003 /* ContentView-ViewModel.swift in Sources */ = {isa = PBXBuildFile; fileRef = 24BB18362A2BE0AC00FDB003 /* ContentView-ViewModel.swift */; };
		24D56D402A2B08E40069F451 /* BucketListApp.swift in Sources */ = {isa = PBXBuildFile; fileRef = 24D56D3F2A2B08E40069F451 /* BucketListApp.swift */; };
		24D56D422A2B08E40069F451 /* ContentView.swift in Sources */ = {isa = PBXBuildFile; fileRef = 24D56D412A2B08E40069F451 /* ContentView.swift */; };
		24D56D442A2B08E60069F451 /* Assets.xcassets in Resources */ = {isa = PBXBuildFile; fileRef = 24D56D432A2B08E60069F451 /* Assets.xcassets */; };
		24D56D472A2B08E60069F451 /* Preview Assets.xcassets in Resources */ = {isa = PBXBuildFile; fileRef = 24D56D462A2B08E60069F451 /* Preview Assets.xcassets */; };
		24D56D4E2A2B090E0069F451 /* PracticeView.swift in Sources */ = {isa = PBXBuildFile; fileRef = 24D56D4D2A2B090E0069F451 /* PracticeView.swift */; };
		24D56D512A2BBC880069F451 /* MapView.swift in Sources */ = {isa = PBXBuildFile; fileRef = 24D56D502A2BBC880069F451 /* MapView.swift */; };
		24D56D532A2BBF670069F451 /* Location.swift in Sources */ = {isa = PBXBuildFile; fileRef = 24D56D522A2BBF670069F451 /* Location.swift */; };
		24D56D552A2BC3690069F451 /* LocalFaceAuth.swift in Sources */ = {isa = PBXBuildFile; fileRef = 24D56D542A2BC3690069F451 /* LocalFaceAuth.swift */; };
		24D56D572A2BD6C00069F451 /* EditView.swift in Sources */ = {isa = PBXBuildFile; fileRef = 24D56D562A2BD6C00069F451 /* EditView.swift */; };
/* End PBXBuildFile section */

/* Begin PBXFileReference section */
		24AA79F82A2BEAB400B2ECF1 /* FileManager-DocumentsDirectory.swift */ = {isa = PBXFileReference; lastKnownFileType = sourcecode.swift; path = "FileManager-DocumentsDirectory.swift"; sourceTree = "<group>"; };
		24AA79FE2A2BF23C00B2ECF1 /* EditView-ViewModel.swift */ = {isa = PBXFileReference; lastKnownFileType = sourcecode.swift; path = "EditView-ViewModel.swift"; sourceTree = "<group>"; };
		24BB18302A2BDD4F00FDB003 /* Result.swift */ = {isa = PBXFileReference; lastKnownFileType = sourcecode.swift; path = Result.swift; sourceTree = "<group>"; };
		24BB18362A2BE0AC00FDB003 /* ContentView-ViewModel.swift */ = {isa = PBXFileReference; lastKnownFileType = sourcecode.swift; path = "ContentView-ViewModel.swift"; sourceTree = "<group>"; };
		24D56D3C2A2B08E40069F451 /* BucketList.app */ = {isa = PBXFileReference; explicitFileType = wrapper.application; includeInIndex = 0; path = BucketList.app; sourceTree = BUILT_PRODUCTS_DIR; };
		24D56D3F2A2B08E40069F451 /* BucketListApp.swift */ = {isa = PBXFileReference; lastKnownFileType = sourcecode.swift; path = BucketListApp.swift; sourceTree = "<group>"; };
		24D56D412A2B08E40069F451 /* ContentView.swift */ = {isa = PBXFileReference; lastKnownFileType = sourcecode.swift; path = ContentView.swift; sourceTree = "<group>"; };
		24D56D432A2B08E60069F451 /* Assets.xcassets */ = {isa = PBXFileReference; lastKnownFileType = folder.assetcatalog; path = Assets.xcassets; sourceTree = "<group>"; };
		24D56D462A2B08E60069F451 /* Preview Assets.xcassets */ = {isa = PBXFileReference; lastKnownFileType = folder.assetcatalog; path = "Preview Assets.xcassets"; sourceTree = "<group>"; };
		24D56D4D2A2B090E0069F451 /* PracticeView.swift */ = {isa = PBXFileReference; lastKnownFileType = sourcecode.swift; path = PracticeView.swift; sourceTree = "<group>"; };
		24D56D502A2BBC880069F451 /* MapView.swift */ = {isa = PBXFileReference; lastKnownFileType = sourcecode.swift; path = MapView.swift; sourceTree = "<group>"; };
		24D56D522A2BBF670069F451 /* Location.swift */ = {isa = PBXFileReference; lastKnownFileType = sourcecode.swift; path = Location.swift; sourceTree = "<group>"; };
		24D56D542A2BC3690069F451 /* LocalFaceAuth.swift */ = {isa = PBXFileReference; lastKnownFileType = sourcecode.swift; path = LocalFaceAuth.swift; sourceTree = "<group>"; };
		24D56D562A2BD6C00069F451 /* EditView.swift */ = {isa = PBXFileReference; lastKnownFileType = sourcecode.swift; path = EditView.swift; sourceTree = "<group>"; };
/* End PBXFileReference section */

/* Begin PBXFrameworksBuildPhase section */
		24D56D392A2B08E40069F451 /* Frameworks */ = {
			isa = PBXFrameworksBuildPhase;
			buildActionMask = 2147483647;
			files = (
			);
			runOnlyForDeploymentPostprocessing = 0;
		};
/* End PBXFrameworksBuildPhase section */

/* Begin PBXGroup section */
		24AA79FA2A2BF20700B2ECF1 /* Extensions */ = {
			isa = PBXGroup;
			children = (
				24AA79F82A2BEAB400B2ECF1 /* FileManager-DocumentsDirectory.swift */,
			);
			path = Extensions;
			sourceTree = "<group>";
		};
		24AA79FB2A2BF21900B2ECF1 /* EditView */ = {
			isa = PBXGroup;
			children = (
				24AA79FD2A2BF22D00B2ECF1 /* ViewModel */,
				24AA79FC2A2BF22800B2ECF1 /* View */,
				24D56D562A2BD6C00069F451 /* EditView.swift */,
			);
			path = EditView;
			sourceTree = "<group>";
		};
		24AA79FC2A2BF22800B2ECF1 /* View */ = {
			isa = PBXGroup;
			children = (
			);
			path = View;
			sourceTree = "<group>";
		};
		24AA79FD2A2BF22D00B2ECF1 /* ViewModel */ = {
			isa = PBXGroup;
			children = (
				24AA79FE2A2BF23C00B2ECF1 /* EditView-ViewModel.swift */,
			);
			path = ViewModel;
			sourceTree = "<group>";
		};
		24BB18322A2BE03400FDB003 /* MainView */ = {
			isa = PBXGroup;
			children = (
				24BB18352A2BE06100FDB003 /* View */,
				24BB18342A2BE05200FDB003 /* ViewModel */,
				24BB18332A2BE04C00FDB003 /* Model */,
			);
			path = MainView;
			sourceTree = "<group>";
		};
		24BB18332A2BE04C00FDB003 /* Model */ = {
			isa = PBXGroup;
			children = (
				24D56D522A2BBF670069F451 /* Location.swift */,
				24BB18302A2BDD4F00FDB003 /* Result.swift */,
			);
			path = Model;
			sourceTree = "<group>";
		};
		24BB18342A2BE05200FDB003 /* ViewModel */ = {
			isa = PBXGroup;
			children = (
				24BB18362A2BE0AC00FDB003 /* ContentView-ViewModel.swift */,
			);
			path = ViewModel;
			sourceTree = "<group>";
		};
		24BB18352A2BE06100FDB003 /* View */ = {
			isa = PBXGroup;
			children = (
				24D56D412A2B08E40069F451 /* ContentView.swift */,
			);
			path = View;
			sourceTree = "<group>";
		};
		24D56D332A2B08E40069F451 = {
			isa = PBXGroup;
			children = (
				24D56D3E2A2B08E40069F451 /* BucketList */,
				24D56D3D2A2B08E40069F451 /* Products */,
			);
			sourceTree = "<group>";
		};
		24D56D3D2A2B08E40069F451 /* Products */ = {
			isa = PBXGroup;
			children = (
				24D56D3C2A2B08E40069F451 /* BucketList.app */,
			);
			name = Products;
			sourceTree = "<group>";
		};
		24D56D3E2A2B08E40069F451 /* BucketList */ = {
			isa = PBXGroup;
			children = (
				24D56D3F2A2B08E40069F451 /* BucketListApp.swift */,
				24BB18322A2BE03400FDB003 /* MainView */,
				24AA79FB2A2BF21900B2ECF1 /* EditView */,
				24AA79FA2A2BF20700B2ECF1 /* Extensions */,
				24D56D4F2A2B091F0069F451 /* PracticeView */,
				24D56D432A2B08E60069F451 /* Assets.xcassets */,
				24D56D452A2B08E60069F451 /* Preview Content */,
			);
			path = BucketList;
			sourceTree = "<group>";
		};
		24D56D452A2B08E60069F451 /* Preview Content */ = {
			isa = PBXGroup;
			children = (
				24D56D462A2B08E60069F451 /* Preview Assets.xcassets */,
			);
			path = "Preview Content";
			sourceTree = "<group>";
		};
		24D56D4F2A2B091F0069F451 /* PracticeView */ = {
			isa = PBXGroup;
			children = (
				24D56D4D2A2B090E0069F451 /* PracticeView.swift */,
				24D56D502A2BBC880069F451 /* MapView.swift */,
				24D56D542A2BC3690069F451 /* LocalFaceAuth.swift */,
			);
			path = PracticeView;
			sourceTree = "<group>";
		};
/* End PBXGroup section */

/* Begin PBXNativeTarget section */
		24D56D3B2A2B08E40069F451 /* BucketList */ = {
			isa = PBXNativeTarget;
			buildConfigurationList = 24D56D4A2A2B08E60069F451 /* Build configuration list for PBXNativeTarget "BucketList" */;
			buildPhases = (
				24D56D382A2B08E40069F451 /* Sources */,
				24D56D392A2B08E40069F451 /* Frameworks */,
				24D56D3A2A2B08E40069F451 /* Resources */,
			);
			buildRules = (
			);
			dependencies = (
			);
			name = BucketList;
			productName = BucketList;
			productReference = 24D56D3C2A2B08E40069F451 /* BucketList.app */;
			productType = "com.apple.product-type.application";
		};
/* End PBXNativeTarget section */

/* Begin PBXProject section */
		24D56D342A2B08E40069F451 /* Project object */ = {
			isa = PBXProject;
			attributes = {
				BuildIndependentTargetsInParallel = 1;
				LastSwiftUpdateCheck = 1430;
				LastUpgradeCheck = 1430;
				TargetAttributes = {
					24D56D3B2A2B08E40069F451 = {
						CreatedOnToolsVersion = 14.3;
					};
				};
			};
			buildConfigurationList = 24D56D372A2B08E40069F451 /* Build configuration list for PBXProject "BucketList" */;
			compatibilityVersion = "Xcode 14.0";
			developmentRegion = en;
			hasScannedForEncodings = 0;
			knownRegions = (
				en,
				Base,
			);
			mainGroup = 24D56D332A2B08E40069F451;
			productRefGroup = 24D56D3D2A2B08E40069F451 /* Products */;
			projectDirPath = "";
			projectRoot = "";
			targets = (
				24D56D3B2A2B08E40069F451 /* BucketList */,
			);
		};
/* End PBXProject section */

/* Begin PBXResourcesBuildPhase section */
		24D56D3A2A2B08E40069F451 /* Resources */ = {
			isa = PBXResourcesBuildPhase;
			buildActionMask = 2147483647;
			files = (
				24D56D472A2B08E60069F451 /* Preview Assets.xcassets in Resources */,
				24D56D442A2B08E60069F451 /* Assets.xcassets in Resources */,
			);
			runOnlyForDeploymentPostprocessing = 0;
		};
/* End PBXResourcesBuildPhase section */

/* Begin PBXSourcesBuildPhase section */
		24D56D382A2B08E40069F451 /* Sources */ = {
			isa = PBXSourcesBuildPhase;
			buildActionMask = 2147483647;
			files = (
				24D56D422A2B08E40069F451 /* ContentView.swift in Sources */,
				24AA79FF2A2BF23C00B2ECF1 /* EditView-ViewModel.swift in Sources */,
				24D56D512A2BBC880069F451 /* MapView.swift in Sources */,
				24D56D532A2BBF670069F451 /* Location.swift in Sources */,
				24D56D4E2A2B090E0069F451 /* PracticeView.swift in Sources */,
				24BB18372A2BE0AC00FDB003 /* ContentView-ViewModel.swift in Sources */,
				24D56D572A2BD6C00069F451 /* EditView.swift in Sources */,
				24AA79F92A2BEAB400B2ECF1 /* FileManager-DocumentsDirectory.swift in Sources */,
				24D56D552A2BC3690069F451 /* LocalFaceAuth.swift in Sources */,
				24BB18312A2BDD4F00FDB003 /* Result.swift in Sources */,
				24D56D402A2B08E40069F451 /* BucketListApp.swift in Sources */,
			);
			runOnlyForDeploymentPostprocessing = 0;
		};
/* End PBXSourcesBuildPhase section */

/* Begin XCBuildConfiguration section */
		24D56D482A2B08E60069F451 /* Debug */ = {
			isa = XCBuildConfiguration;
			buildSettings = {
				ALWAYS_SEARCH_USER_PATHS = NO;
				CLANG_ANALYZER_NONNULL = YES;
				CLANG_ANALYZER_NUMBER_OBJECT_CONVERSION = YES_AGGRESSIVE;
				CLANG_CXX_LANGUAGE_STANDARD = "gnu++20";
				CLANG_ENABLE_MODULES = YES;
				CLANG_ENABLE_OBJC_ARC = YES;
				CLANG_ENABLE_OBJC_WEAK = YES;
				CLANG_WARN_BLOCK_CAPTURE_AUTORELEASING = YES;
				CLANG_WARN_BOOL_CONVERSION = YES;
				CLANG_WARN_COMMA = YES;
				CLANG_WARN_CONSTANT_CONVERSION = YES;
				CLANG_WARN_DEPRECATED_OBJC_IMPLEMENTATIONS = YES;
				CLANG_WARN_DIRECT_OBJC_ISA_USAGE = YES_ERROR;
				CLANG_WARN_DOCUMENTATION_COMMENTS = YES;
				CLANG_WARN_EMPTY_BODY = YES;
				CLANG_WARN_ENUM_CONVERSION = YES;
				CLANG_WARN_INFINITE_RECURSION = YES;
				CLANG_WARN_INT_CONVERSION = YES;
				CLANG_WARN_NON_LITERAL_NULL_CONVERSION = YES;
				CLANG_WARN_OBJC_IMPLICIT_RETAIN_SELF = YES;
				CLANG_WARN_OBJC_LITERAL_CONVERSION = YES;
				CLANG_WARN_OBJC_ROOT_CLASS = YES_ERROR;
				CLANG_WARN_QUOTED_INCLUDE_IN_FRAMEWORK_HEADER = YES;
				CLANG_WARN_RANGE_LOOP_ANALYSIS = YES;
				CLANG_WARN_STRICT_PROTOTYPES = YES;
				CLANG_WARN_SUSPICIOUS_MOVE = YES;
				CLANG_WARN_UNGUARDED_AVAILABILITY = YES_AGGRESSIVE;
				CLANG_WARN_UNREACHABLE_CODE = YES;
				CLANG_WARN__DUPLICATE_METHOD_MATCH = YES;
				COPY_PHASE_STRIP = NO;
				DEBUG_INFORMATION_FORMAT = dwarf;
				ENABLE_STRICT_OBJC_MSGSEND = YES;
				ENABLE_TESTABILITY = YES;
				GCC_C_LANGUAGE_STANDARD = gnu11;
				GCC_DYNAMIC_NO_PIC = NO;
				GCC_NO_COMMON_BLOCKS = YES;
				GCC_OPTIMIZATION_LEVEL = 0;
				GCC_PREPROCESSOR_DEFINITIONS = (
					"DEBUG=1",
					"$(inherited)",
				);
				GCC_WARN_64_TO_32_BIT_CONVERSION = YES;
				GCC_WARN_ABOUT_RETURN_TYPE = YES_ERROR;
				GCC_WARN_UNDECLARED_SELECTOR = YES;
				GCC_WARN_UNINITIALIZED_AUTOS = YES_AGGRESSIVE;
				GCC_WARN_UNUSED_FUNCTION = YES;
				GCC_WARN_UNUSED_VARIABLE = YES;
				IPHONEOS_DEPLOYMENT_TARGET = 16.4;
				MTL_ENABLE_DEBUG_INFO = INCLUDE_SOURCE;
				MTL_FAST_MATH = YES;
				ONLY_ACTIVE_ARCH = YES;
				SDKROOT = iphoneos;
				SWIFT_ACTIVE_COMPILATION_CONDITIONS = DEBUG;
				SWIFT_OPTIMIZATION_LEVEL = "-Onone";
			};
			name = Debug;
		};
		24D56D492A2B08E60069F451 /* Release */ = {
			isa = XCBuildConfiguration;
			buildSettings = {
				ALWAYS_SEARCH_USER_PATHS = NO;
				CLANG_ANALYZER_NONNULL = YES;
				CLANG_ANALYZER_NUMBER_OBJECT_CONVERSION = YES_AGGRESSIVE;
				CLANG_CXX_LANGUAGE_STANDARD = "gnu++20";
				CLANG_ENABLE_MODULES = YES;
				CLANG_ENABLE_OBJC_ARC = YES;
				CLANG_ENABLE_OBJC_WEAK = YES;
				CLANG_WARN_BLOCK_CAPTURE_AUTORELEASING = YES;
				CLANG_WARN_BOOL_CONVERSION = YES;
				CLANG_WARN_COMMA = YES;
				CLANG_WARN_CONSTANT_CONVERSION = YES;
				CLANG_WARN_DEPRECATED_OBJC_IMPLEMENTATIONS = YES;
				CLANG_WARN_DIRECT_OBJC_ISA_USAGE = YES_ERROR;
				CLANG_WARN_DOCUMENTATION_COMMENTS = YES;
				CLANG_WARN_EMPTY_BODY = YES;
				CLANG_WARN_ENUM_CONVERSION = YES;
				CLANG_WARN_INFINITE_RECURSION = YES;
				CLANG_WARN_INT_CONVERSION = YES;
				CLANG_WARN_NON_LITERAL_NULL_CONVERSION = YES;
				CLANG_WARN_OBJC_IMPLICIT_RETAIN_SELF = YES;
				CLANG_WARN_OBJC_LITERAL_CONVERSION = YES;
				CLANG_WARN_OBJC_ROOT_CLASS = YES_ERROR;
				CLANG_WARN_QUOTED_INCLUDE_IN_FRAMEWORK_HEADER = YES;
				CLANG_WARN_RANGE_LOOP_ANALYSIS = YES;
				CLANG_WARN_STRICT_PROTOTYPES = YES;
				CLANG_WARN_SUSPICIOUS_MOVE = YES;
				CLANG_WARN_UNGUARDED_AVAILABILITY = YES_AGGRESSIVE;
				CLANG_WARN_UNREACHABLE_CODE = YES;
				CLANG_WARN__DUPLICATE_METHOD_MATCH = YES;
				COPY_PHASE_STRIP = NO;
				DEBUG_INFORMATION_FORMAT = "dwarf-with-dsym";
				ENABLE_NS_ASSERTIONS = NO;
				ENABLE_STRICT_OBJC_MSGSEND = YES;
				GCC_C_LANGUAGE_STANDARD = gnu11;
				GCC_NO_COMMON_BLOCKS = YES;
				GCC_WARN_64_TO_32_BIT_CONVERSION = YES;
				GCC_WARN_ABOUT_RETURN_TYPE = YES_ERROR;
				GCC_WARN_UNDECLARED_SELECTOR = YES;
				GCC_WARN_UNINITIALIZED_AUTOS = YES_AGGRESSIVE;
				GCC_WARN_UNUSED_FUNCTION = YES;
				GCC_WARN_UNUSED_VARIABLE = YES;
				IPHONEOS_DEPLOYMENT_TARGET = 16.4;
				MTL_ENABLE_DEBUG_INFO = NO;
				MTL_FAST_MATH = YES;
				SDKROOT = iphoneos;
				SWIFT_COMPILATION_MODE = wholemodule;
				SWIFT_OPTIMIZATION_LEVEL = "-O";
				VALIDATE_PRODUCT = YES;
			};
			name = Release;
		};
		24D56D4B2A2B08E60069F451 /* Debug */ = {
			isa = XCBuildConfiguration;
			buildSettings = {
				ASSETCATALOG_COMPILER_APPICON_NAME = AppIcon;
				ASSETCATALOG_COMPILER_GLOBAL_ACCENT_COLOR_NAME = AccentColor;
				CODE_SIGN_STYLE = Automatic;
				CURRENT_PROJECT_VERSION = 1;
				DEVELOPMENT_ASSET_PATHS = "\"BucketList/Preview Content\"";
				DEVELOPMENT_TEAM = DJ4HTA4RKP;
				ENABLE_PREVIEWS = YES;
				GENERATE_INFOPLIST_FILE = YES;
				INFOPLIST_KEY_NSFaceIDUsageDescription = "Please authenticate yourself to unlock your places.";
				INFOPLIST_KEY_UIApplicationSceneManifest_Generation = YES;
				INFOPLIST_KEY_UIApplicationSupportsIndirectInputEvents = YES;
				INFOPLIST_KEY_UILaunchScreen_Generation = YES;
				INFOPLIST_KEY_UISupportedInterfaceOrientations_iPad = "UIInterfaceOrientationPortrait UIInterfaceOrientationPortraitUpsideDown UIInterfaceOrientationLandscapeLeft UIInterfaceOrientationLandscapeRight";
				INFOPLIST_KEY_UISupportedInterfaceOrientations_iPhone = "UIInterfaceOrientationPortrait UIInterfaceOrientationLandscapeLeft UIInterfaceOrientationLandscapeRight";
				LD_RUNPATH_SEARCH_PATHS = (
					"$(inherited)",
					"@executable_path/Frameworks",
				);
				MARKETING_VERSION = 1.0;
				PRODUCT_BUNDLE_IDENTIFIER = "com.venki-nyamagoudar.BucketList";
				PRODUCT_NAME = "$(TARGET_NAME)";
				SWIFT_EMIT_LOC_STRINGS = YES;
				SWIFT_VERSION = 5.0;
				TARGETED_DEVICE_FAMILY = "1,2";
			};
			name = Debug;
		};
		24D56D4C2A2B08E60069F451 /* Release */ = {
			isa = XCBuildConfiguration;
			buildSettings = {
				ASSETCATALOG_COMPILER_APPICON_NAME = AppIcon;
				ASSETCATALOG_COMPILER_GLOBAL_ACCENT_COLOR_NAME = AccentColor;
				CODE_SIGN_STYLE = Automatic;
				CURRENT_PROJECT_VERSION = 1;
				DEVELOPMENT_ASSET_PATHS = "\"BucketList/Preview Content\"";
				DEVELOPMENT_TEAM = DJ4HTA4RKP;
				ENABLE_PREVIEWS = YES;
				GENERATE_INFOPLIST_FILE = YES;
				INFOPLIST_KEY_NSFaceIDUsageDescription = "Please authenticate yourself to unlock your places.";
				INFOPLIST_KEY_UIApplicationSceneManifest_Generation = YES;
				INFOPLIST_KEY_UIApplicationSupportsIndirectInputEvents = YES;
				INFOPLIST_KEY_UILaunchScreen_Generation = YES;
				INFOPLIST_KEY_UISupportedInterfaceOrientations_iPad = "UIInterfaceOrientationPortrait UIInterfaceOrientationPortraitUpsideDown UIInterfaceOrientationLandscapeLeft UIInterfaceOrientationLandscapeRight";
				INFOPLIST_KEY_UISupportedInterfaceOrientations_iPhone = "UIInterfaceOrientationPortrait UIInterfaceOrientationLandscapeLeft UIInterfaceOrientationLandscapeRight";
				LD_RUNPATH_SEARCH_PATHS = (
					"$(inherited)",
					"@executable_path/Frameworks",
				);
				MARKETING_VERSION = 1.0;
				PRODUCT_BUNDLE_IDENTIFIER = "com.venki-nyamagoudar.BucketList";
				PRODUCT_NAME = "$(TARGET_NAME)";
				SWIFT_EMIT_LOC_STRINGS = YES;
				SWIFT_VERSION = 5.0;
				TARGETED_DEVICE_FAMILY = "1,2";
			};
			name = Release;
		};
/* End XCBuildConfiguration section */

/* Begin XCConfigurationList section */
		24D56D372A2B08E40069F451 /* Build configuration list for PBXProject "BucketList" */ = {
			isa = XCConfigurationList;
			buildConfigurations = (
				24D56D482A2B08E60069F451 /* Debug */,
				24D56D492A2B08E60069F451 /* Release */,
			);
			defaultConfigurationIsVisible = 0;
			defaultConfigurationName = Release;
		};
		24D56D4A2A2B08E60069F451 /* Build configuration list for PBXNativeTarget "BucketList" */ = {
			isa = XCConfigurationList;
			buildConfigurations = (
				24D56D4B2A2B08E60069F451 /* Debug */,
				24D56D4C2A2B08E60069F451 /* Release */,
			);
			defaultConfigurationIsVisible = 0;
			defaultConfigurationName = Release;
		};
/* End XCConfigurationList section */
	};
	rootObject = 24D56D342A2B08E40069F451 /* Project object */;
}
